{
  "name": "otel-metrics-fixtures",
  "version": "1.0.0",
  "lockfileVersion": 2,
  "requires": true,
  "packages": {
    "": {
      "name": "otel-metrics-fixtures",
      "version": "1.0.0",
      "dependencies": {
        "@opentelemetry/api": "^1.9.0",
        "@opentelemetry/exporter-prometheus": ">=0.41.2 <2",
        "@opentelemetry/sdk-metrics": "^1.30.0"
      }
    },
    "node_modules/@opentelemetry/api": {
      "version": "1.9.0",
      "resolved": "https://registry.npmjs.org/@opentelemetry/api/-/api-1.9.0.tgz",
      "integrity": "sha512-3giAOQvZiH5F9bMlMiv8+GSPMeqg0dbaeo58/0SlA9sxSqZhnUtxzX9/2FzyhS9sWQf5S0GJE0AKBrFqjpeYcg==",
      "engines": {
        "node": ">=8.0.0"
      }
    },
    "node_modules/@opentelemetry/core": {
      "version": "1.30.1",
      "resolved": "https://registry.npmjs.org/@opentelemetry/core/-/core-1.30.1.tgz",
      "integrity": "sha512-OOCM2C/QIURhJMuKaekP3TRBxBKxG/TWWA0TL2J6nXUtDnuCtccy49LUJF8xPFXMX+0LMcxFpCo8M9cGY1W6rQ==",
      "dependencies": {
        "@opentelemetry/semantic-conventions": "1.28.0"
      },
      "engines": {
        "node": ">=14"
      },
      "peerDependencies": {
        "@opentelemetry/api": ">=1.0.0 <1.10.0"
      }
    },
    "node_modules/@opentelemetry/exporter-prometheus": {
      "version": "0.213.0",
      "resolved": "https://registry.npmjs.org/@opentelemetry/exporter-prometheus/-/exporter-prometheus-0.213.0.tgz",
      "integrity": "sha512-FyV3/JfKGAgx+zJUwCHdjQHbs+YeGd2fOWvBHYrW6dmfv/w89lb8WhJTSZEoWgP525jwv/gFeBttlGu1flebdA==",
      "dependencies": {
        "@opentelemetry/core": "2.6.0",
        "@opentelemetry/resources": "2.6.0",
        "@opentelemetry/sdk-metrics": "2.6.0",
        "@opentelemetry/semantic-conventions": "^1.29.0"
      },
      "engines": {
        "node": "^18.19.0 || >=20.6.0"
      },
      "peerDependencies": {
        "@opentelemetry/api": "^1.3.0"
      }
    },
    "node_modules/@opentelemetry/exporter-prometheus/node_modules/@opentelemetry/core": {
      "version": "2.6.0",
      "resolved": "https://registry.npmjs.org/@opentelemetry/core/-/core-2.6.0.tgz",
      "integrity": "sha512-HLM1v2cbZ4TgYN6KEOj+Bbj8rAKriOdkF9Ed3tG25FoprSiQl7kYc+RRT6fUZGOvx0oMi5U67GoFdT+XUn8zEg==",
      "dependencies": {
        "@opentelemetry/semantic-conventions": "^1.29.0"
      },
      "engines": {
        "node": "^18.19.0 || >=20.6.0"
      },
      "peerDependencies": {
        "@opentelemetry/api": ">=1.0.0 <1.10.0"
      }
    },
    "node_modules/@opentelemetry/exporter-prometheus/node_modules/@opentelemetry/resources": {
      "version": "2.6.0",
      "resolved": "https://registry.npmjs.org/@opentelemetry/resources/-/resources-2.6.0.tgz",
      "integrity": "sha512-D4y/+OGe3JSuYUCBxtH5T9DSAWNcvCb/nQWIga8HNtXTVPQn59j0nTBAgaAXxUVBDl40mG3Tc76b46wPlZaiJQ==",
      "dependencies": {
        "@opentelemetry/core": "2.6.0",
        "@opentelemetry/semantic-conventions": "^1.29.0"
      },
      "engines": {
        "node": "^18.19.0 || >=20.6.0"
      },
      "peerDependencies": {
        "@opentelemetry/api": ">=1.3.0 <1.10.0"
      }
    },
    "node_modules/@opentelemetry/exporter-prometheus/node_modules/@opentelemetry/sdk-metrics": {
      "version": "2.6.0",
      "resolved": "https://registry.npmjs.org/@opentelemetry/sdk-metrics/-/sdk-metrics-2.6.0.tgz",
      "integrity": "sha512-CicxWZxX6z35HR83jl+PLgtFgUrKRQ9LCXyxgenMnz5A1lgYWfAog7VtdOvGkJYyQgMNPhXQwkYrDLujk7z1Iw==",
      "dependencies": {
        "@opentelemetry/core": "2.6.0",
        "@opentelemetry/resources": "2.6.0"
      },
      "engines": {
        "node": "^18.19.0 || >=20.6.0"
      },
      "peerDependencies": {
        "@opentelemetry/api": ">=1.9.0 <1.10.0"
      }
    },
    "node_modules/@opentelemetry/exporter-prometheus/node_modules/@opentelemetry/semantic-conventions": {
      "version": "1.40.0",
      "resolved": "https://registry.npmjs.org/@opentelemetry/semantic-conventions/-/semantic-conventions-1.40.0.tgz",
      "integrity": "sha512-cifvXDhcqMwwTlTK04GBNeIe7yyo28Mfby85QXFe1Yk8nmi36Ab/5UQwptOx84SsoGNRg+EVSjwzfSZMy6pmlw==",
      "engines": {
        "node": ">=14"
      }
    },
    "node_modules/@opentelemetry/resources": {
      "version": "1.30.1",
      "resolved": "https://registry.npmjs.org/@opentelemetry/resources/-/resources-1.30.1.tgz",
      "integrity": "sha512-5UxZqiAgLYGFjS4s9qm5mBVo433u+dSPUFWVWXmLAD4wB65oMCoXaJP1KJa9DIYYMeHu3z4BZcStG3LC593cWA==",
      "dependencies": {
        "@opentelemetry/core": "1.30.1",
        "@opentelemetry/semantic-conventions": "1.28.0"
      },
      "engines": {
        "node": ">=14"
      },
      "peerDependencies": {
        "@opentelemetry/api": ">=1.0.0 <1.10.0"
      }
    },
    "node_modules/@opentelemetry/sdk-metrics": {
      "version": "1.30.1",
      "resolved": "https://registry.npmjs.org/@opentelemetry/sdk-metrics/-/sdk-metrics-1.30.1.tgz",
      "integrity": "sha512-q9zcZ0Okl8jRgmy7eNW3Ku1XSgg3sDLa5evHZpCwjspw7E8Is4K/haRPDJrBcX3YSn/Y7gUvFnByNYEKQNbNog==",
      "dependencies": {
        "@opentelemetry/core": "1.30.1",
        "@opentelemetry/resources": "1.30.1"
      },
      "engines": {
        "node": ">=14"
      },
      "peerDependencies": {
        "@opentelemetry/api": ">=1.3.0 <1.10.0"
      }
    },
    "node_modules/@opentelemetry/semantic-conventions": {
      "version": "1.28.0",
      "resolved": "https://registry.npmjs.org/@opentelemetry/semantic-conventions/-/semantic-conventions-1.28.0.tgz",
      "integrity": "sha512-lp4qAiMTD4sNWW4DbKLBkfiMZ4jbAboJIGOQr5DvciMRI494OapieI9qiODpOt0XBr1LjIDy1xAGAnVs5supTA==",
      "engines": {
        "node": ">=14"
      }
    }
  },
  "dependencies": {
    "@opentelemetry/api": {
      "version": "1.9.0",
      "resolved": "https://registry.npmjs.org/@opentelemetry/api/-/api-1.9.0.tgz",
      "integrity": "sha512-3giAOQvZiH5F9bMlMiv8+GSPMeqg0dbaeo58/0SlA9sxSqZhnUtxzX9/2FzyhS9sWQf5S0GJE0AKBrFqjpeYcg=="
    },
    "@opentelemetry/core": {
      "version": "1.30.1",
      "resolved": "https://registry.npmjs.org/@opentelemetry/core/-/core-1.30.1.tgz",
      "integrity": "sha512-OOCM2C/QIURhJMuKaekP3TRBxBKxG/TWWA0TL2J6nXUtDnuCtccy49LUJF8xPFXMX+0LMcxFpCo8M9cGY1W6rQ==",
      "requires": {
        "@opentelemetry/semantic-conventions": "1.28.0"
      }
    },
    "@opentelemetry/exporter-prometheus": {
      "version": "0.213.0",
      "resolved": "https://registry.npmjs.org/@opentelemetry/exporter-prometheus/-/exporter-prometheus-0.213.0.tgz",
      "integrity": "sha512-FyV3/JfKGAgx+zJUwCHdjQHbs+YeGd2fOWvBHYrW6dmfv/w89lb8WhJTSZEoWgP525jwv/gFeBttlGu1flebdA==",
      "requires": {
        "@opentelemetry/core": "2.6.0",
        "@opentelemetry/resources": "2.6.0",
        "@opentelemetry/sdk-metrics": "2.6.0",
        "@opentelemetry/semantic-conventions": "^1.29.0"
      },
      "dependencies": {
        "@opentelemetry/core": {
          "version": "2.6.0",
          "resolved": "https://registry.npmjs.org/@opentelemetry/core/-/core-2.6.0.tgz",
          "integrity": "sha512-HLM1v2cbZ4TgYN6KEOj+Bbj8rAKriOdkF9Ed3tG25FoprSiQl7kYc+RRT6fUZGOvx0oMi5U67GoFdT+XUn8zEg==",
          "requires": {
            "@opentelemetry/semantic-conventions": "^1.29.0"
          }
        },
        "@opentelemetry/resources": {
          "version": "2.6.0",
          "resolved": "https://registry.npmjs.org/@opentelemetry/resources/-/resources-2.6.0.tgz",
          "integrity": "sha512-D4y/+OGe3JSuYUCBxtH5T9DSAWNcvCb/nQWIga8HNtXTVPQn59j0nTBAgaAXxUVBDl40mG3Tc76b46wPlZaiJQ==",
          "requires": {
            "@opentelemetry/core": "2.6.0",
            "@opentelemetry/semantic-conventions": "^1.29.0"
          }
        },
        "@opentelemetry/sdk-metrics": {
          "version": "2.6.0",
          "resolved": "https://registry.npmjs.org/@opentelemetry/sdk-metrics/-/sdk-metrics-2.6.0.tgz",
          "integrity": "sha512-CicxWZxX6z35HR83jl+PLgtFgUrKRQ9LCXyxgenMnz5A1lgYWfAog7VtdOvGkJYyQgMNPhXQwkYrDLujk7z1Iw==",
          "requires": {
            "@opentelemetry/core": "2.6.0",
            "@opentelemetry/resources": "2.6.0"
          }
        },
        "@opentelemetry/semantic-conventions": {
          "version": "1.40.0",
          "resolved": "https://registry.npmjs.org/@opentelemetry/semantic-conventions/-/semantic-conventions-1.40.0.tgz",
          "integrity": "sha512-cifvXDhcqMwwTlTK04GBNeIe7yyo28Mfby85QXFe1Yk8nmi36Ab/5UQwptOx84SsoGNRg+EVSjwzfSZMy6pmlw=="
        }
      }
    },
    "@opentelemetry/resources": {
      "version": "1.30.1",
      "resolved": "https://registry.npmjs.org/@opentelemetry/resources/-/resources-1.30.1.tgz",
      "integrity": "sha512-5UxZqiAgLYGFjS4s9qm5mBVo433u+dSPUFWVWXmLAD4wB65oMCoXaJP1KJa9DIYYMeHu3z4BZcStG3LC593cWA==",
      "requires": {
        "@opentelemetry/core": "1.30.1",
        "@opentelemetry/semantic-conventions": "1.28.0"
      }
    },
    "@opentelemetry/sdk-metrics": {
      "version": "1.30.1",
      "resolved": "https://registry.npmjs.org/@opentelemetry/sdk-metrics/-/sdk-metrics-1.30.1.tgz",
      "integrity": "sha512-q9zcZ0Okl8jRgmy7eNW3Ku1XSgg3sDLa5evHZpCwjspw7E8Is4K/haRPDJrBcX3YSn/Y7gUvFnByNYEKQNbNog==",
      "requires": {
        "@opentelemetry/core": "1.30.1",
        "@opentelemetry/resources": "1.30.1"
      }
    },
    "@opentelemetry/semantic-conventions": {
      "version": "1.28.0",
      "resolved": "https://registry.npmjs.org/@opentelemetry/semantic-conventions/-/semantic-conventions-1.28.0.tgz",
      "integrity": "sha512-lp4qAiMTD4sNWW4DbKLBkfiMZ4jbAboJIGOQr5DvciMRI494OapieI9qiODpOt0XBr1LjIDy1xAGAnVs5supTA=="
    }
  }
}
