{
  "name": "otel-metrics-fixtures",
  "version": "1.0.0",
  "lockfileVersion": 2,
  "requires": true,
  "packages": {
    "": {
      "name": "otel-metrics-fixtures",
      "version": "1.0.0",
      "dependencies": {
        "@opentelemetry/api": "^1.3.0",
        "@opentelemetry/exporter-prometheus": ">=0.41.2 <2",
        "@opentelemetry/sdk-metrics": "^1.18.1"
      }
    },
    "node_modules/@opentelemetry/api": {
      "version": "1.7.0",
      "resolved": "https://registry.npmjs.org/@opentelemetry/api/-/api-1.7.0.tgz",
      "integrity": "sha512-AdY5wvN0P2vXBi3b29hxZgSFvdhdxPB9+f0B6s//P9Q8nibRWeA3cHm8UmLpio9ABigkVHJ5NMPk+Mz8VCCyrw==",
      "engines": {
        "node": ">=8.0.0"
      }
    },
    "node_modules/@opentelemetry/core": {
      "version": "1.18.1",
      "resolved": "https://registry.npmjs.org/@opentelemetry/core/-/core-1.18.1.tgz",
      "integrity": "sha512-kvnUqezHMhsQvdsnhnqTNfAJs3ox/isB0SVrM1dhVFw7SsB7TstuVa6fgWnN2GdPyilIFLUvvbTZoVRmx6eiRg==",
      "dependencies": {
        "@opentelemetry/semantic-conventions": "1.18.1"
      },
      "engines": {
        "node": ">=14"
      },
      "peerDependencies": {
        "@opentelemetry/api": ">=1.0.0 <1.8.0"
      }
    },
    "node_modules/@opentelemetry/exporter-prometheus": {
      "version": "0.45.1",
      "resolved": "https://registry.npmjs.org/@opentelemetry/exporter-prometheus/-/exporter-prometheus-0.45.1.tgz",
      "integrity": "sha512-VlHEBO74dIZgA/fmYOHru1Ob75+SC9tgakdMt7qKdQvJybLHqBmJokJs5hyaOROlQdcK9nby/335EAkDa+2G6g==",
      "dependencies": {
        "@opentelemetry/core": "1.18.1",
        "@opentelemetry/resources": "1.18.1",
        "@opentelemetry/sdk-metrics": "1.18.1"
      },
      "engines": {
        "node": ">=14"
      },
      "peerDependencies": {
        "@opentelemetry/api": "^1.3.0"
      }
    },
    "node_modules/@opentelemetry/resources": {
      "version": "1.18.1",
      "resolved": "https://registry.npmjs.org/@opentelemetry/resources/-/resources-1.18.1.tgz",
      "integrity": "sha512-JjbcQLYMttXcIabflLRuaw5oof5gToYV9fuXbcsoOeQ0BlbwUn6DAZi++PNsSz2jjPeASfDls10iaO/8BRIPRA==",
      "dependencies": {
        "@opentelemetry/core": "1.18.1",
        "@opentelemetry/semantic-conventions": "1.18.1"
      },
      "engines": {
        "node": ">=14"
      },
      "peerDependencies": {
        "@opentelemetry/api": ">=1.0.0 <1.8.0"
      }
    },
    "node_modules/@opentelemetry/sdk-metrics": {
      "version": "1.18.1",
      "resolved": "https://registry.npmjs.org/@opentelemetry/sdk-metrics/-/sdk-metrics-1.18.1.tgz",
      "integrity": "sha512-TEFgeNFhdULBYiCoHbz31Y4PDsfjjxRp8Wmdp6ybLQZPqMNEb+dRq+XN8Xw3ivIgTaf9gYsomgV5ensX99RuEQ==",
      "dependencies": {
        "@opentelemetry/core": "1.18.1",
        "@opentelemetry/resources": "1.18.1",
        "lodash.merge": "^4.6.2"
      },
      "engines": {
        "node": ">=14"
      },
      "peerDependencies": {
        "@opentelemetry/api": ">=1.3.0 <1.8.0"
      }
    },
    "node_modules/@opentelemetry/semantic-conventions": {
      "version": "1.18.1",
      "resolved": "https://registry.npmjs.org/@opentelemetry/semantic-conventions/-/semantic-conventions-1.18.1.tgz",
      "integrity": "sha512-+NLGHr6VZwcgE/2lw8zDIufOCGnzsA5CbQIMleXZTrgkBd0TanCX+MiDYJ1TOS4KL/Tqk0nFRxawnaYr6pkZkA==",
      "engines": {
        "node": ">=14"
      }
    },
    "node_modules/lodash.merge": {
      "version": "4.6.2",
      "resolved": "https://registry.npmjs.org/lodash.merge/-/lodash.merge-4.6.2.tgz",
      "integrity": "sha512-0KpjqXRVvrYyCsX1swR/XTK0va6VQkQM6MNo7PqW77ByjAhoARA8EfrP1N4+KlKj8YS0ZUCtRT/YUuhyYDujIQ=="
    }
  },
  "dependencies": {
    "@opentelemetry/api": {
      "version": "1.7.0",
      "resolved": "https://registry.npmjs.org/@opentelemetry/api/-/api-1.7.0.tgz",
      "integrity": "sha512-AdY5wvN0P2vXBi3b29hxZgSFvdhdxPB9+f0B6s//P9Q8nibRWeA3cHm8UmLpio9ABigkVHJ5NMPk+Mz8VCCyrw=="
    },
    "@opentelemetry/core": {
      "version": "1.18.1",
      "resolved": "https://registry.npmjs.org/@opentelemetry/core/-/core-1.18.1.tgz",
      "integrity": "sha512-kvnUqezHMhsQvdsnhnqTNfAJs3ox/isB0SVrM1dhVFw7SsB7TstuVa6fgWnN2GdPyilIFLUvvbTZoVRmx6eiRg==",
      "requires": {
        "@opentelemetry/semantic-conventions": "1.18.1"
      }
    },
    "@opentelemetry/exporter-prometheus": {
      "version": "0.45.1",
      "resolved": "https://registry.npmjs.org/@opentelemetry/exporter-prometheus/-/exporter-prometheus-0.45.1.tgz",
      "integrity": "sha512-VlHEBO74dIZgA/fmYOHru1Ob75+SC9tgakdMt7qKdQvJybLHqBmJokJs5hyaOROlQdcK9nby/335EAkDa+2G6g==",
      "requires": {
        "@opentelemetry/core": "1.18.1",
        "@opentelemetry/resources": "1.18.1",
        "@opentelemetry/sdk-metrics": "1.18.1"
      }
    },
    "@opentelemetry/resources": {
      "version": "1.18.1",
      "resolved": "https://registry.npmjs.org/@opentelemetry/resources/-/resources-1.18.1.tgz",
      "integrity": "sha512-JjbcQLYMttXcIabflLRuaw5oof5gToYV9fuXbcsoOeQ0BlbwUn6DAZi++PNsSz2jjPeASfDls10iaO/8BRIPRA==",
      "requires": {
        "@opentelemetry/core": "1.18.1",
        "@opentelemetry/semantic-conventions": "1.18.1"
      }
    },
    "@opentelemetry/sdk-metrics": {
      "version": "1.18.1",
      "resolved": "https://registry.npmjs.org/@opentelemetry/sdk-metrics/-/sdk-metrics-1.18.1.tgz",
      "integrity": "sha512-TEFgeNFhdULBYiCoHbz31Y4PDsfjjxRp8Wmdp6ybLQZPqMNEb+dRq+XN8Xw3ivIgTaf9gYsomgV5ensX99RuEQ==",
      "requires": {
        "@opentelemetry/core": "1.18.1",
        "@opentelemetry/resources": "1.18.1",
        "lodash.merge": "^4.6.2"
      }
    },
    "@opentelemetry/semantic-conventions": {
      "version": "1.18.1",
      "resolved": "https://registry.npmjs.org/@opentelemetry/semantic-conventions/-/semantic-conventions-1.18.1.tgz",
      "integrity": "sha512-+NLGHr6VZwcgE/2lw8zDIufOCGnzsA5CbQIMleXZTrgkBd0TanCX+MiDYJ1TOS4KL/Tqk0nFRxawnaYr6pkZkA=="
    },
    "lodash.merge": {
      "version": "4.6.2",
      "resolved": "https://registry.npmjs.org/lodash.merge/-/lodash.merge-4.6.2.tgz",
      "integrity": "sha512-0KpjqXRVvrYyCsX1swR/XTK0va6VQkQM6MNo7PqW77ByjAhoARA8EfrP1N4+KlKj8YS0ZUCtRT/YUuhyYDujIQ=="
    }
  }
}
