{
  "name": "otel-metrics-fixtures",
  "version": "1.0.0",
  "lockfileVersion": 2,
  "requires": true,
  "packages": {
    "": {
      "name": "otel-metrics-fixtures",
      "version": "1.0.0",
      "dependencies": {
        "@opentelemetry/api": "^1.3.0",
        "@opentelemetry/exporter-prometheus": ">=0.41.2 <2",
        "@opentelemetry/sdk-metrics": "^1.15.1"
      }
    },
    "node_modules/@opentelemetry/api": {
      "version": "1.6.0",
      "resolved": "https://registry.npmjs.org/@opentelemetry/api/-/api-1.6.0.tgz",
      "integrity": "sha512-OWlrQAnWn9577PhVgqjUvMr1pg57Bc4jv0iL4w0PRuOSRvq67rvHW9Ie/dZVMvCzhSCB+UxhcY/PmCmFj33Q+g==",
      "engines": {
        "node": ">=8.0.0"
      }
    },
    "node_modules/@opentelemetry/core": {
      "version": "1.17.0",
      "resolved": "https://registry.npmjs.org/@opentelemetry/core/-/core-1.17.0.tgz",
      "integrity": "sha512-tfnl3h+UefCgx1aeN2xtrmr6BmdWGKXypk0pflQR0urFS40aE88trnkOMc2HTJZbMrqEEl4HsaBeFhwLVXsrJg==",
      "dependencies": {
        "@opentelemetry/semantic-conventions": "1.17.0"
      },
      "engines": {
        "node": ">=14"
      },
      "peerDependencies": {
        "@opentelemetry/api": ">=1.0.0 <1.7.0"
      }
    },
    "node_modules/@opentelemetry/exporter-prometheus": {
      "version": "0.43.0",
      "resolved": "https://registry.npmjs.org/@opentelemetry/exporter-prometheus/-/exporter-prometheus-0.43.0.tgz",
      "integrity": "sha512-tJeZVmzzeG98BMPssrnUYZ7AdMtZEYqgOL44z/bF4YWqGePQoelmxuTn8Do0tIyBURqr0Whi/7P5/XxWMK1zTw==",
      "dependencies": {
        "@opentelemetry/core": "1.17.0",
        "@opentelemetry/resources": "1.17.0",
        "@opentelemetry/sdk-metrics": "1.17.0"
      },
      "engines": {
        "node": ">=14"
      },
      "peerDependencies": {
        "@opentelemetry/api": "^1.3.0"
      }
    },
    "node_modules/@opentelemetry/resources": {
      "version": "1.17.0",
      "resolved": "https://registry.npmjs.org/@opentelemetry/resources/-/resources-1.17.0.tgz",
      "integrity": "sha512-+u0ciVnj8lhuL/qGRBPeVYvk7fL+H/vOddfvmOeJaA1KC+5/3UED1c9KoZQlRsNT5Kw1FaK8LkY2NVLYfOVZQw==",
      "dependencies": {
        "@opentelemetry/core": "1.17.0",
        "@opentelemetry/semantic-conventions": "1.17.0"
      },
      "engines": {
        "node": ">=14"
      },
      "peerDependencies": {
        "@opentelemetry/api": ">=1.0.0 <1.7.0"
      }
    },
    "node_modules/@opentelemetry/sdk-metrics": {
      "version": "1.17.0",
      "resolved": "https://registry.npmjs.org/@opentelemetry/sdk-metrics/-/sdk-metrics-1.17.0.tgz",
      "integrity": "sha512-HlWM27yGmYuwCoVRe3yg2PqKnIsq0kEF0HQgvkeDWz2NYkq9fFaSspR6kvjxUTbghAlZrabiqbgyKoYpYaXS3w==",
      "dependencies": {
        "@opentelemetry/core": "1.17.0",
        "@opentelemetry/resources": "1.17.0",
        "lodash.merge": "^4.6.2"
      },
      "engines": {
        "node": ">=14"
      },
      "peerDependencies": {
        "@opentelemetry/api": ">=1.3.0 <1.7.0"
      }
    },
    "node_modules/@opentelemetry/semantic-conventions": {
      "version": "1.17.0",
      "resolved": "https://registry.npmjs.org/@opentelemetry/semantic-conventions/-/semantic-conventions-1.17.0.tgz",
      "integrity": "sha512-+fguCd2d8d2qruk0H0DsCEy2CTK3t0Tugg7MhZ/UQMvmewbZLNnJ6heSYyzIZWG5IPfAXzoj4f4F/qpM7l4VBA==",
      "engines": {
        "node": ">=14"
      }
    },
    "node_modules/lodash.merge": {
      "version": "4.6.2",
      "resolved": "https://registry.npmjs.org/lodash.merge/-/lodash.merge-4.6.2.tgz",
      "integrity": "sha512-0KpjqXRVvrYyCsX1swR/XTK0va6VQkQM6MNo7PqW77ByjAhoARA8EfrP1N4+KlKj8YS0ZUCtRT/YUuhyYDujIQ=="
    }
  },
  "dependencies": {
    "@opentelemetry/api": {
      "version": "1.6.0",
      "resolved": "https://registry.npmjs.org/@opentelemetry/api/-/api-1.6.0.tgz",
      "integrity": "sha512-OWlrQAnWn9577PhVgqjUvMr1pg57Bc4jv0iL4w0PRuOSRvq67rvHW9Ie/dZVMvCzhSCB+UxhcY/PmCmFj33Q+g=="
    },
    "@opentelemetry/core": {
      "version": "1.17.0",
      "resolved": "https://registry.npmjs.org/@opentelemetry/core/-/core-1.17.0.tgz",
      "integrity": "sha512-tfnl3h+UefCgx1aeN2xtrmr6BmdWGKXypk0pflQR0urFS40aE88trnkOMc2HTJZbMrqEEl4HsaBeFhwLVXsrJg==",
      "requires": {
        "@opentelemetry/semantic-conventions": "1.17.0"
      }
    },
    "@opentelemetry/exporter-prometheus": {
      "version": "0.43.0",
      "resolved": "https://registry.npmjs.org/@opentelemetry/exporter-prometheus/-/exporter-prometheus-0.43.0.tgz",
      "integrity": "sha512-tJeZVmzzeG98BMPssrnUYZ7AdMtZEYqgOL44z/bF4YWqGePQoelmxuTn8Do0tIyBURqr0Whi/7P5/XxWMK1zTw==",
      "requires": {
        "@opentelemetry/core": "1.17.0",
        "@opentelemetry/resources": "1.17.0",
        "@opentelemetry/sdk-metrics": "1.17.0"
      }
    },
    "@opentelemetry/resources": {
      "version": "1.17.0",
      "resolved": "https://registry.npmjs.org/@opentelemetry/resources/-/resources-1.17.0.tgz",
      "integrity": "sha512-+u0ciVnj8lhuL/qGRBPeVYvk7fL+H/vOddfvmOeJaA1KC+5/3UED1c9KoZQlRsNT5Kw1FaK8LkY2NVLYfOVZQw==",
      "requires": {
        "@opentelemetry/core": "1.17.0",
        "@opentelemetry/semantic-conventions": "1.17.0"
      }
    },
    "@opentelemetry/sdk-metrics": {
      "version": "1.17.0",
      "resolved": "https://registry.npmjs.org/@opentelemetry/sdk-metrics/-/sdk-metrics-1.17.0.tgz",
      "integrity": "sha512-HlWM27yGmYuwCoVRe3yg2PqKnIsq0kEF0HQgvkeDWz2NYkq9fFaSspR6kvjxUTbghAlZrabiqbgyKoYpYaXS3w==",
      "requires": {
        "@opentelemetry/core": "1.17.0",
        "@opentelemetry/resources": "1.17.0",
        "lodash.merge": "^4.6.2"
      }
    },
    "@opentelemetry/semantic-conventions": {
      "version": "1.17.0",
      "resolved": "https://registry.npmjs.org/@opentelemetry/semantic-conventions/-/semantic-conventions-1.17.0.tgz",
      "integrity": "sha512-+fguCd2d8d2qruk0H0DsCEy2CTK3t0Tugg7MhZ/UQMvmewbZLNnJ6heSYyzIZWG5IPfAXzoj4f4F/qpM7l4VBA=="
    },
    "lodash.merge": {
      "version": "4.6.2",
      "resolved": "https://registry.npmjs.org/lodash.merge/-/lodash.merge-4.6.2.tgz",
      "integrity": "sha512-0KpjqXRVvrYyCsX1swR/XTK0va6VQkQM6MNo7PqW77ByjAhoARA8EfrP1N4+KlKj8YS0ZUCtRT/YUuhyYDujIQ=="
    }
  }
}
